# This file is automatically @generated by Cargo.
# It is not intended for manual editing.
[[package]]
name = "haveibeenpwned"
version = "0.0.0"
dependencies = [
 "noblit",
]

[[package]]
name = "libnoblit"
version = "0.0.0"
dependencies = [
 "noblit",
]

[[package]]
name = "noblit"
version = "0.0.0"

[[package]]
name = "noblit-kv"
version = "0.0.0"
